
Microsoft Visual Studio Solution File, Format Version 12.00
# Visual Studio Version 17
VisualStudioVersion = 17.14.36811.4
MinimumVisualStudioVersion = 10.0.40219.1
Project("{FAE04EC0-301F-11D3-BF4B-00C04F79EFBC}") = "DLLEditor", "DLLEditor\DLLEditor.csproj", "{5409FB97-AD5D-431A-9EAC-B7DC78B694A3}"
EndProject
Project("{FAE04EC0-301F-11D3-BF4B-00C04F79EFBC}") = "ModBootstrap", "ModBootstrap\ModBootstrap.csproj", "{E4BC8ECA-BA72-4F6F-A834-EE42E0F3DA0F}"
EndProject
Global
	GlobalSection(SolutionConfigurationPlatforms) = preSolution
		Debug|Any CPU = Debug|Any CPU
		Release|Any CPU = Release|Any CPU
	EndGlobalSection
	GlobalSection(ProjectConfigurationPlatforms) = postSolution
		{5409FB97-AD5D-431A-9EAC-B7DC78B694A3}.Debug|Any CPU.ActiveCfg = Debug|Any CPU
		{5409FB97-AD5D-431A-9EAC-B7DC78B694A3}.Debug|Any CPU.Build.0 = Debug|Any CPU
		{5409FB97-AD5D-431A-9EAC-B7DC78B694A3}.Release|Any CPU.ActiveCfg = Release|Any CPU
		{5409FB97-AD5D-431A-9EAC-B7DC78B694A3}.Release|Any CPU.Build.0 = Release|Any CPU
		{E4BC8ECA-BA72-4F6F-A834-EE42E0F3DA0F}.Debug|Any CPU.ActiveCfg = Debug|Any CPU
		{E4BC8ECA-BA72-4F6F-A834-EE42E0F3DA0F}.Debug|Any CPU.Build.0 = Debug|Any CPU
		{E4BC8ECA-BA72-4F6F-A834-EE42E0F3DA0F}.Release|Any CPU.ActiveCfg = Release|Any CPU
		{E4BC8ECA-BA72-4F6F-A834-EE42E0F3DA0F}.Release|Any CPU.Build.0 = Release|Any CPU
	EndGlobalSection
	GlobalSection(SolutionProperties) = preSolution
		HideSolutionNode = FALSE
	EndGlobalSection
	GlobalSection(ExtensibilityGlobals) = postSolution
		SolutionGuid = {1875F7D5-0278-42E7-99F2-F3B06EFE8D1E}
	EndGlobalSection
EndGlobal
